# THIS IS AN AUTOGENERATED FILE. DO NOT EDIT THIS FILE DIRECTLY.
# yarn lockfile v1


"@types/node@^10.1.2":
  version "10.3.5"
  resolved "https://registry.yarnpkg.com/@types/node/-/node-10.3.5.tgz#8423cdf6e6fb83433e489900d7600d3b61c8260c"

debug@^3.0.0:
  version "3.1.0"
  resolved "https://registry.yarnpkg.com/debug/-/debug-3.1.0.tgz#5bb5a0672628b64149566ba16819e61518c67261"
  dependencies:
    ms "2.0.0"

entities@^1.1.1:
  version "1.1.1"
  resolved "https://registry.yarnpkg.com/entities/-/entities-1.1.1.tgz#6e5c2d0a5621b5dadaecef80b90edfb5cd7772f0"

ms@2.0.0:
  version "2.0.0"
  resolved "https://registry.yarnpkg.com/ms/-/ms-2.0.0.tgz#5608aeadfc00be6c2901df5f9861788de0d597c8"

node-fetch@^2.0.0:
  version "2.1.2"
  resolved "https://registry.yarnpkg.com/node-fetch/-/node-fetch-2.1.2.tgz#ab884e8e7e57e38a944753cec706f788d1768bb5"

rss-parser@^3.4.1:
  version "3.4.1"
  resolved "https://registry.yarnpkg.com/rss-parser/-/rss-parser-3.4.1.tgz#a4fc4aa5bd26b286e75e0a7eabb1fdceb01a95b1"
  dependencies:
    entities "^1.1.1"
    xml2js "^0.4.17"

sandwich-stream@^1.0.0:
  version "1.0.0"
  resolved "https://registry.yarnpkg.com/sandwich-stream/-/sandwich-stream-1.0.0.tgz#7830e45797b5933287f1f9b28f871907456262f2"

sax@>=0.6.0:
  version "1.2.4"
  resolved "https://registry.yarnpkg.com/sax/-/sax-1.2.4.tgz#2816234e2378bddc4e5354fab5caa895df7100d9"

telegraf@^3.21.2:
  version "3.21.2"
  resolved "https://registry.yarnpkg.com/telegraf/-/telegraf-3.21.2.tgz#192a79e8990297377bf2bf03085cb4d00a20d9a8"
  dependencies:
    "@types/node" "^10.1.2"
    debug "^3.0.0"
    node-fetch "^2.0.0"
    sandwich-stream "^1.0.0"
    telegram-typings "^3.6.0"
    typescript "^2.8.3"

telegram-typings@^3.6.0:
  version "3.6.1"
  resolved "https://registry.yarnpkg.com/telegram-typings/-/telegram-typings-3.6.1.tgz#1288d547f8694b61f1c01c2993e295f3114d9e25"

telegraph-node@^1.0.4:
  version "1.0.4"
  resolved "https://registry.yarnpkg.com/telegraph-node/-/telegraph-node-1.0.4.tgz#08c1d34baf76ee590e57507d890d5046e9d95980"
  dependencies:
    tiny_request latest

tiny_request@latest:
  version "1.0.13"
  resolved "https://registry.yarnpkg.com/tiny_request/-/tiny_request-1.0.13.tgz#81b99777947519d34b0e73ac9eb6f5027a552f92"

typescript@^2.8.3:
  version "2.9.2"
  resolved "https://registry.yarnpkg.com/typescript/-/typescript-2.9.2.tgz#1cbf61d05d6b96269244eb6a3bce4bd914e0f00c"

xml2js@^0.4.17:
  version "0.4.19"
  resolved "https://registry.yarnpkg.com/xml2js/-/xml2js-0.4.19.tgz#686c20f213209e94abf0d1bcf1efaa291c7827a7"
  dependencies:
    sax ">=0.6.0"
    xmlbuilder "~9.0.1"

xmlbuilder@~9.0.1:
  version "9.0.7"
  resolved "https://registry.yarnpkg.com/xmlbuilder/-/xmlbuilder-9.0.7.tgz#132ee63d2ec5565c557e20f4c22df9aca686b10d"
